// !$*UTF8*$!
{
	archiveVersion = 1;
	classes = {
	};
	objectVersion = 50;
	objects = {

/* Begin PBXBuildFile section */
		64FBB075294585700037A3A1 /* AppDelegate.swift in Sources */ = {isa = PBXBuildFile; fileRef = 64FBB074294585700037A3A1 /* AppDelegate.swift */; };
		64FBB077294585700037A3A1 /* SceneDelegate.swift in Sources */ = {isa = PBXBuildFile; fileRef = 64FBB076294585700037A3A1 /* SceneDelegate.swift */; };
		64FBB079294585700037A3A1 /* ViewController.swift in Sources */ = {isa = PBXBuildFile; fileRef = 64FBB078294585700037A3A1 /* ViewController.swift */; };
		64FBB07C294585700037A3A1 /* Main.storyboard in Resources */ = {isa = PBXBuildFile; fileRef = 64FBB07A294585700037A3A1 /* Main.storyboard */; };
		64FBB07E294585720037A3A1 /* Assets.xcassets in Resources */ = {isa = PBXBuildFile; fileRef = 64FBB07D294585720037A3A1 /* Assets.xcassets */; };
		64FBB081294585720037A3A1 /* LaunchScreen.storyboard in Resources */ = {isa = PBXBuildFile; fileRef = 64FBB07F294585720037A3A1 /* LaunchScreen.storyboard */; };
		64FBB08D2945942E0037A3A1 /* more@2x.png in Resources */ = {isa = PBXBuildFile; fileRef = 64FBB08B2945942E0037A3A1 /* more@2x.png */; };
		64FBB08E2945942E0037A3A1 /* swift_logo@3x.png in Resources */ = {isa = PBXBuildFile; fileRef = 64FBB08C2945942E0037A3A1 /* swift_logo@3x.png */; };
		64FBB0912945943F0037A3A1 /* arrow-back@2x.png in Resources */ = {isa = PBXBuildFile; fileRef = 64FBB0902945943F0037A3A1 /* arrow-back@2x.png */; };
/* End PBXBuildFile section */

/* Begin PBXFileReference section */
		64FBB071294585700037A3A1 /* Chapter03-NavigationBar.app */ = {isa = PBXFileReference; explicitFileType = wrapper.application; includeInIndex = 0; path = "Chapter03-NavigationBar.app"; sourceTree = BUILT_PRODUCTS_DIR; };
		64FBB074294585700037A3A1 /* AppDelegate.swift */ = {isa = PBXFileReference; lastKnownFileType = sourcecode.swift; path = AppDelegate.swift; sourceTree = "<group>"; };
		64FBB076294585700037A3A1 /* SceneDelegate.swift */ = {isa = PBXFileReference; lastKnownFileType = sourcecode.swift; path = SceneDelegate.swift; sourceTree = "<group>"; };
		64FBB078294585700037A3A1 /* ViewController.swift */ = {isa = PBXFileReference; lastKnownFileType = sourcecode.swift; path = ViewController.swift; sourceTree = "<group>"; };
		64FBB07B294585700037A3A1 /* Base */ = {isa = PBXFileReference; lastKnownFileType = file.storyboard; name = Base; path = Base.lproj/Main.storyboard; sourceTree = "<group>"; };
		64FBB07D294585720037A3A1 /* Assets.xcassets */ = {isa = PBXFileReference; lastKnownFileType = folder.assetcatalog; path = Assets.xcassets; sourceTree = "<group>"; };
		64FBB080294585720037A3A1 /* Base */ = {isa = PBXFileReference; lastKnownFileType = file.storyboard; name = Base; path = Base.lproj/LaunchScreen.storyboard; sourceTree = "<group>"; };
		64FBB082294585720037A3A1 /* Info.plist */ = {isa = PBXFileReference; lastKnownFileType = text.plist.xml; path = Info.plist; sourceTree = "<group>"; };
		64FBB08B2945942E0037A3A1 /* more@2x.png */ = {isa = PBXFileReference; lastKnownFileType = image.png; path = "more@2x.png"; sourceTree = "<group>"; };
		64FBB08C2945942E0037A3A1 /* swift_logo@3x.png */ = {isa = PBXFileReference; lastKnownFileType = image.png; path = "swift_logo@3x.png"; sourceTree = "<group>"; };
		64FBB0902945943F0037A3A1 /* arrow-back@2x.png */ = {isa = PBXFileReference; lastKnownFileType = image.png; path = "arrow-back@2x.png"; sourceTree = "<group>"; };
/* End PBXFileReference section */

/* Begin PBXFrameworksBuildPhase section */
		64FBB06E294585700037A3A1 /* Frameworks */ = {
			isa = PBXFrameworksBuildPhase;
			buildActionMask = 2147483647;
			files = (
			);
			runOnlyForDeploymentPostprocessing = 0;
		};
/* End PBXFrameworksBuildPhase section */

/* Begin PBXGroup section */
		64FBB068294585700037A3A1 = {
			isa = PBXGroup;
			children = (
				64FBB08A294594100037A3A1 /* Resources */,
				64FBB073294585700037A3A1 /* Chapter03-NavigationBar */,
				64FBB072294585700037A3A1 /* Products */,
			);
			sourceTree = "<group>";
		};
		64FBB072294585700037A3A1 /* Products */ = {
			isa = PBXGroup;
			children = (
				64FBB071294585700037A3A1 /* Chapter03-NavigationBar.app */,
			);
			name = Products;
			sourceTree = "<group>";
		};
		64FBB073294585700037A3A1 /* Chapter03-NavigationBar */ = {
			isa = PBXGroup;
			children = (
				64FBB074294585700037A3A1 /* AppDelegate.swift */,
				64FBB076294585700037A3A1 /* SceneDelegate.swift */,
				64FBB078294585700037A3A1 /* ViewController.swift */,
				64FBB07A294585700037A3A1 /* Main.storyboard */,
				64FBB07D294585720037A3A1 /* Assets.xcassets */,
				64FBB07F294585720037A3A1 /* LaunchScreen.storyboard */,
				64FBB082294585720037A3A1 /* Info.plist */,
			);
			path = "Chapter03-NavigationBar";
			sourceTree = "<group>";
		};
		64FBB08A294594100037A3A1 /* Resources */ = {
			isa = PBXGroup;
			children = (
				64FBB0902945943F0037A3A1 /* arrow-back@2x.png */,
				64FBB08B2945942E0037A3A1 /* more@2x.png */,
				64FBB08C2945942E0037A3A1 /* swift_logo@3x.png */,
			);
			path = Resources;
			sourceTree = "<group>";
		};
/* End PBXGroup section */

/* Begin PBXNativeTarget section */
		64FBB070294585700037A3A1 /* Chapter03-NavigationBar */ = {
			isa = PBXNativeTarget;
			buildConfigurationList = 64FBB085294585720037A3A1 /* Build configuration list for PBXNativeTarget "Chapter03-NavigationBar" */;
			buildPhases = (
				64FBB06D294585700037A3A1 /* Sources */,
				64FBB06E294585700037A3A1 /* Frameworks */,
				64FBB06F294585700037A3A1 /* Resources */,
			);
			buildRules = (
			);
			dependencies = (
			);
			name = "Chapter03-NavigationBar";
			productName = "Chapter03-NavigationBar";
			productReference = 64FBB071294585700037A3A1 /* Chapter03-NavigationBar.app */;
			productType = "com.apple.product-type.application";
		};
/* End PBXNativeTarget section */

/* Begin PBXProject section */
		64FBB069294585700037A3A1 /* Project object */ = {
			isa = PBXProject;
			attributes = {
				LastSwiftUpdateCheck = 1230;
				LastUpgradeCheck = 1230;
				TargetAttributes = {
					64FBB070294585700037A3A1 = {
						CreatedOnToolsVersion = 12.3;
					};
				};
			};
			buildConfigurationList = 64FBB06C294585700037A3A1 /* Build configuration list for PBXProject "Chapter03-NavigationBar" */;
			compatibilityVersion = "Xcode 9.3";
			developmentRegion = en;
			hasScannedForEncodings = 0;
			knownRegions = (
				en,
				Base,
			);
			mainGroup = 64FBB068294585700037A3A1;
			productRefGroup = 64FBB072294585700037A3A1 /* Products */;
			projectDirPath = "";
			projectRoot = "";
			targets = (
				64FBB070294585700037A3A1 /* Chapter03-NavigationBar */,
			);
		};
/* End PBXProject section */

/* Begin PBXResourcesBuildPhase section */
		64FBB06F294585700037A3A1 /* Resources */ = {
			isa = PBXResourcesBuildPhase;
			buildActionMask = 2147483647;
			files = (
				64FBB081294585720037A3A1 /* LaunchScreen.storyboard in Resources */,
				64FBB07E294585720037A3A1 /* Assets.xcassets in Resources */,
				64FBB07C294585700037A3A1 /* Main.storyboard in Resources */,
				64FBB08E2945942E0037A3A1 /* swift_logo@3x.png in Resources */,
				64FBB08D2945942E0037A3A1 /* more@2x.png in Resources */,
				64FBB0912945943F0037A3A1 /* arrow-back@2x.png in Resources */,
			);
			runOnlyForDeploymentPostprocessing = 0;
		};
/* End PBXResourcesBuildPhase section */

/* Begin PBXSourcesBuildPhase section */
		64FBB06D294585700037A3A1 /* Sources */ = {
			isa = PBXSourcesBuildPhase;
			buildActionMask = 2147483647;
			files = (
				64FBB079294585700037A3A1 /* ViewController.swift in Sources */,
				64FBB075294585700037A3A1 /* AppDelegate.swift in Sources */,
				64FBB077294585700037A3A1 /* SceneDelegate.swift in Sources */,
			);
			runOnlyForDeploymentPostprocessing = 0;
		};
/* End PBXSourcesBuildPhase section */

/* Begin PBXVariantGroup section */
		64FBB07A294585700037A3A1 /* Main.storyboard */ = {
			isa = PBXVariantGroup;
			children = (
				64FBB07B294585700037A3A1 /* Base */,
			);
			name = Main.storyboard;
			sourceTree = "<group>";
		};
		64FBB07F294585720037A3A1 /* LaunchScreen.storyboard */ = {
			isa = PBXVariantGroup;
			children = (
				64FBB080294585720037A3A1 /* Base */,
			);
			name = LaunchScreen.storyboard;
			sourceTree = "<group>";
		};
/* End PBXVariantGroup section */

/* Begin XCBuildConfiguration section */
		64FBB083294585720037A3A1 /* Debug */ = {
			isa = XCBuildConfiguration;
			buildSettings = {
				ALWAYS_SEARCH_USER_PATHS = NO;
				CLANG_ANALYZER_NONNULL = YES;
				CLANG_ANALYZER_NUMBER_OBJECT_CONVERSION = YES_AGGRESSIVE;
				CLANG_CXX_LANGUAGE_STANDARD = "gnu++14";
				CLANG_CXX_LIBRARY = "libc++";
				CLANG_ENABLE_MODULES = YES;
				CLANG_ENABLE_OBJC_ARC = YES;
				CLANG_ENABLE_OBJC_WEAK = YES;
				CLANG_WARN_BLOCK_CAPTURE_AUTORELEASING = YES;
				CLANG_WARN_BOOL_CONVERSION = YES;
				CLANG_WARN_COMMA = YES;
				CLANG_WARN_CONSTANT_CONVERSION = YES;
				CLANG_WARN_DEPRECATED_OBJC_IMPLEMENTATIONS = YES;
				CLANG_WARN_DIRECT_OBJC_ISA_USAGE = YES_ERROR;
				CLANG_WARN_DOCUMENTATION_COMMENTS = YES;
				CLANG_WARN_EMPTY_BODY = YES;
				CLANG_WARN_ENUM_CONVERSION = YES;
				CLANG_WARN_INFINITE_RECURSION = YES;
				CLANG_WARN_INT_CONVERSION = YES;
				CLANG_WARN_NON_LITERAL_NULL_CONVERSION = YES;
				CLANG_WARN_OBJC_IMPLICIT_RETAIN_SELF = YES;
				CLANG_WARN_OBJC_LITERAL_CONVERSION = YES;
				CLANG_WARN_OBJC_ROOT_CLASS = YES_ERROR;
				CLANG_WARN_QUOTED_INCLUDE_IN_FRAMEWORK_HEADER = YES;
				CLANG_WARN_RANGE_LOOP_ANALYSIS = YES;
				CLANG_WARN_STRICT_PROTOTYPES = YES;
				CLANG_WARN_SUSPICIOUS_MOVE = YES;
				CLANG_WARN_UNGUARDED_AVAILABILITY = YES_AGGRESSIVE;
				CLANG_WARN_UNREACHABLE_CODE = YES;
				CLANG_WARN__DUPLICATE_METHOD_MATCH = YES;
				COPY_PHASE_STRIP = NO;
				DEBUG_INFORMATION_FORMAT = dwarf;
				ENABLE_STRICT_OBJC_MSGSEND = YES;
				ENABLE_TESTABILITY = YES;
				GCC_C_LANGUAGE_STANDARD = gnu11;
				GCC_DYNAMIC_NO_PIC = NO;
				GCC_NO_COMMON_BLOCKS = YES;
				GCC_OPTIMIZATION_LEVEL = 0;
				GCC_PREPROCESSOR_DEFINITIONS = (
					"DEBUG=1",
					"$(inherited)",
				);
				GCC_WARN_64_TO_32_BIT_CONVERSION = YES;
				GCC_WARN_ABOUT_RETURN_TYPE = YES_ERROR;
				GCC_WARN_UNDECLARED_SELECTOR = YES;
				GCC_WARN_UNINITIALIZED_AUTOS = YES_AGGRESSIVE;
				GCC_WARN_UNUSED_FUNCTION = YES;
				GCC_WARN_UNUSED_VARIABLE = YES;
				IPHONEOS_DEPLOYMENT_TARGET = 14.3;
				MTL_ENABLE_DEBUG_INFO = INCLUDE_SOURCE;
				MTL_FAST_MATH = YES;
				ONLY_ACTIVE_ARCH = YES;
				SDKROOT = iphoneos;
				SWIFT_ACTIVE_COMPILATION_CONDITIONS = DEBUG;
				SWIFT_OPTIMIZATION_LEVEL = "-Onone";
			};
			name = Debug;
		};
		64FBB084294585720037A3A1 /* Release */ = {
			isa = XCBuildConfiguration;
			buildSettings = {
				ALWAYS_SEARCH_USER_PATHS = NO;
				CLANG_ANALYZER_NONNULL = YES;
				CLANG_ANALYZER_NUMBER_OBJECT_CONVERSION = YES_AGGRESSIVE;
				CLANG_CXX_LANGUAGE_STANDARD = "gnu++14";
				CLANG_CXX_LIBRARY = "libc++";
				CLANG_ENABLE_MODULES = YES;
				CLANG_ENABLE_OBJC_ARC = YES;
				CLANG_ENABLE_OBJC_WEAK = YES;
				CLANG_WARN_BLOCK_CAPTURE_AUTORELEASING = YES;
				CLANG_WARN_BOOL_CONVERSION = YES;
				CLANG_WARN_COMMA = YES;
				CLANG_WARN_CONSTANT_CONVERSION = YES;
				CLANG_WARN_DEPRECATED_OBJC_IMPLEMENTATIONS = YES;
				CLANG_WARN_DIRECT_OBJC_ISA_USAGE = YES_ERROR;
				CLANG_WARN_DOCUMENTATION_COMMENTS = YES;
				CLANG_WARN_EMPTY_BODY = YES;
				CLANG_WARN_ENUM_CONVERSION = YES;
				CLANG_WARN_INFINITE_RECURSION = YES;
				CLANG_WARN_INT_CONVERSION = YES;
				CLANG_WARN_NON_LITERAL_NULL_CONVERSION = YES;
				CLANG_WARN_OBJC_IMPLICIT_RETAIN_SELF = YES;
				CLANG_WARN_OBJC_LITERAL_CONVERSION = YES;
				CLANG_WARN_OBJC_ROOT_CLASS = YES_ERROR;
				CLANG_WARN_QUOTED_INCLUDE_IN_FRAMEWORK_HEADER = YES;
				CLANG_WARN_RANGE_LOOP_ANALYSIS = YES;
				CLANG_WARN_STRICT_PROTOTYPES = YES;
				CLANG_WARN_SUSPICIOUS_MOVE = YES;
				CLANG_WARN_UNGUARDED_AVAILABILITY = YES_AGGRESSIVE;
				CLANG_WARN_UNREACHABLE_CODE = YES;
				CLANG_WARN__DUPLICATE_METHOD_MATCH = YES;
				COPY_PHASE_STRIP = NO;
				DEBUG_INFORMATION_FORMAT = "dwarf-with-dsym";
				ENABLE_NS_ASSERTIONS = NO;
				ENABLE_STRICT_OBJC_MSGSEND = YES;
				GCC_C_LANGUAGE_STANDARD = gnu11;
				GCC_NO_COMMON_BLOCKS = YES;
				GCC_WARN_64_TO_32_BIT_CONVERSION = YES;
				GCC_WARN_ABOUT_RETURN_TYPE = YES_ERROR;
				GCC_WARN_UNDECLARED_SELECTOR = YES;
				GCC_WARN_UNINITIALIZED_AUTOS = YES_AGGRESSIVE;
				GCC_WARN_UNUSED_FUNCTION = YES;
				GCC_WARN_UNUSED_VARIABLE = YES;
				IPHONEOS_DEPLOYMENT_TARGET = 14.3;
				MTL_ENABLE_DEBUG_INFO = NO;
				MTL_FAST_MATH = YES;
				SDKROOT = iphoneos;
				SWIFT_COMPILATION_MODE = wholemodule;
				SWIFT_OPTIMIZATION_LEVEL = "-O";
				VALIDATE_PRODUCT = YES;
			};
			name = Release;
		};
		64FBB086294585720037A3A1 /* Debug */ = {
			isa = XCBuildConfiguration;
			buildSettings = {
				ASSETCATALOG_COMPILER_APPICON_NAME = AppIcon;
				ASSETCATALOG_COMPILER_GLOBAL_ACCENT_COLOR_NAME = AccentColor;
				CODE_SIGN_STYLE = Automatic;
				INFOPLIST_FILE = "Chapter03-NavigationBar/Info.plist";
				LD_RUNPATH_SEARCH_PATHS = (
					"$(inherited)",
					"@executable_path/Frameworks",
				);
				PRODUCT_BUNDLE_IDENTIFIER = "com.smtech.Chapter03-NavigationBar";
				PRODUCT_NAME = "$(TARGET_NAME)";
				SWIFT_VERSION = 5.0;
				TARGETED_DEVICE_FAMILY = 1;
			};
			name = Debug;
		};
		64FBB087294585720037A3A1 /* Release */ = {
			isa = XCBuildConfiguration;
			buildSettings = {
				ASSETCATALOG_COMPILER_APPICON_NAME = AppIcon;
				ASSETCATALOG_COMPILER_GLOBAL_ACCENT_COLOR_NAME = AccentColor;
				CODE_SIGN_STYLE = Automatic;
				INFOPLIST_FILE = "Chapter03-NavigationBar/Info.plist";
				LD_RUNPATH_SEARCH_PATHS = (
					"$(inherited)",
					"@executable_path/Frameworks",
				);
				PRODUCT_BUNDLE_IDENTIFIER = "com.smtech.Chapter03-NavigationBar";
				PRODUCT_NAME = "$(TARGET_NAME)";
				SWIFT_VERSION = 5.0;
				TARGETED_DEVICE_FAMILY = 1;
			};
			name = Release;
		};
/* End XCBuildConfiguration section */

/* Begin XCConfigurationList section */
		64FBB06C294585700037A3A1 /* Build configuration list for PBXProject "Chapter03-NavigationBar" */ = {
			isa = XCConfigurationList;
			buildConfigurations = (
				64FBB083294585720037A3A1 /* Debug */,
				64FBB084294585720037A3A1 /* Release */,
			);
			defaultConfigurationIsVisible = 0;
			defaultConfigurationName = Release;
		};
		64FBB085294585720037A3A1 /* Build configuration list for PBXNativeTarget "Chapter03-NavigationBar" */ = {
			isa = XCConfigurationList;
			buildConfigurations = (
				64FBB086294585720037A3A1 /* Debug */,
				64FBB087294585720037A3A1 /* Release */,
			);
			defaultConfigurationIsVisible = 0;
			defaultConfigurationName = Release;
		};
/* End XCConfigurationList section */
	};
	rootObject = 64FBB069294585700037A3A1 /* Project object */;
}
